
Microsoft Visual Studio Solution File, Format Version 12.00
# Visual Studio Version 17
VisualStudioVersion = 17.5.33424.131
MinimumVisualStudioVersion = 10.0.40219.1
Project("{9A19103F-16F7-4668-BE54-9A1E7A4F7556}") = "POE_ST10031953", "POE_ST10031953\POE_ST10031953.csproj", "{28FE7C04-94CF-46BA-BC8B-3D621DA80790}"
EndProject
Project("{FAE04EC0-301F-11D3-BF4B-00C04F79EFBC}") = "UnitTests", "UnitTests\UnitTests.csproj", "{5ECDAEE2-4DE6-465D-A2AC-606C1205551D}"
EndProject
Global
	GlobalSection(SolutionConfigurationPlatforms) = preSolution
		Debug|Any CPU = Debug|Any CPU
		Release|Any CPU = Release|Any CPU
	EndGlobalSection
	GlobalSection(ProjectConfigurationPlatforms) = postSolution
		{28FE7C04-94CF-46BA-BC8B-3D621DA80790}.Debug|Any CPU.ActiveCfg = Debug|Any CPU
		{28FE7C04-94CF-46BA-BC8B-3D621DA80790}.Debug|Any CPU.Build.0 = Debug|Any CPU
		{28FE7C04-94CF-46BA-BC8B-3D621DA80790}.Release|Any CPU.ActiveCfg = Release|Any CPU
		{28FE7C04-94CF-46BA-BC8B-3D621DA80790}.Release|Any CPU.Build.0 = Release|Any CPU
		{5ECDAEE2-4DE6-465D-A2AC-606C1205551D}.Debug|Any CPU.ActiveCfg = Debug|Any CPU
		{5ECDAEE2-4DE6-465D-A2AC-606C1205551D}.Debug|Any CPU.Build.0 = Debug|Any CPU
		{5ECDAEE2-4DE6-465D-A2AC-606C1205551D}.Release|Any CPU.ActiveCfg = Release|Any CPU
		{5ECDAEE2-4DE6-465D-A2AC-606C1205551D}.Release|Any CPU.Build.0 = Release|Any CPU
	EndGlobalSection
	GlobalSection(SolutionProperties) = preSolution
		HideSolutionNode = FALSE
	EndGlobalSection
	GlobalSection(ExtensibilityGlobals) = postSolution
		SolutionGuid = {868B082D-E6F5-4944-8B57-66EADA781DC5}
	EndGlobalSection
EndGlobal
